
Microsoft Visual Studio Solution File, Format Version 12.00
# Visual Studio Version 17
VisualStudioVersion = 17.1.32328.378
MinimumVisualStudioVersion = 10.0.40219.1
Project("{FAE04EC0-301F-11D3-BF4B-00C04F79EFBC}") = "Core", "Core\Core.csproj", "{8F93204E-EC22-4475-A752-EAA4C22D1F1B}"
EndProject
Project("{FAE04EC0-301F-11D3-BF4B-00C04F79EFBC}") = "DataAccess", "DataAccess\DataAccess.csproj", "{71891982-3AD3-4726-81D0-FFFEB32B8BA9}"
EndProject
Project("{FAE04EC0-301F-11D3-BF4B-00C04F79EFBC}") = "Business", "Business\Business.csproj", "{69AF240A-EC30-425A-B4FF-D192D761F20A}"
EndProject
Project("{FAE04EC0-301F-11D3-BF4B-00C04F79EFBC}") = "Entities", "Entity\Entities.csproj", "{B93D1041-4137-4F7D-ABA1-ACD4175FC07B}"
EndProject
Project("{FAE04EC0-301F-11D3-BF4B-00C04F79EFBC}") = "WebAPI", "WebAPI\WebAPI.csproj", "{55E4D0A7-22E5-48AF-9B5B-4DF71F3A552B}"
EndProject
Global
	GlobalSection(SolutionConfigurationPlatforms) = preSolution
		Debug|Any CPU = Debug|Any CPU
		Release|Any CPU = Release|Any CPU
	EndGlobalSection
	GlobalSection(ProjectConfigurationPlatforms) = postSolution
		{8F93204E-EC22-4475-A752-EAA4C22D1F1B}.Debug|Any CPU.ActiveCfg = Debug|Any CPU
		{8F93204E-EC22-4475-A752-EAA4C22D1F1B}.Debug|Any CPU.Build.0 = Debug|Any CPU
		{8F93204E-EC22-4475-A752-EAA4C22D1F1B}.Release|Any CPU.ActiveCfg = Release|Any CPU
		{8F93204E-EC22-4475-A752-EAA4C22D1F1B}.Release|Any CPU.Build.0 = Release|Any CPU
		{71891982-3AD3-4726-81D0-FFFEB32B8BA9}.Debug|Any CPU.ActiveCfg = Debug|Any CPU
		{71891982-3AD3-4726-81D0-FFFEB32B8BA9}.Debug|Any CPU.Build.0 = Debug|Any CPU
		{71891982-3AD3-4726-81D0-FFFEB32B8BA9}.Release|Any CPU.ActiveCfg = Release|Any CPU
		{71891982-3AD3-4726-81D0-FFFEB32B8BA9}.Release|Any CPU.Build.0 = Release|Any CPU
		{69AF240A-EC30-425A-B4FF-D192D761F20A}.Debug|Any CPU.ActiveCfg = Debug|Any CPU
		{69AF240A-EC30-425A-B4FF-D192D761F20A}.Debug|Any CPU.Build.0 = Debug|Any CPU
		{69AF240A-EC30-425A-B4FF-D192D761F20A}.Release|Any CPU.ActiveCfg = Release|Any CPU
		{69AF240A-EC30-425A-B4FF-D192D761F20A}.Release|Any CPU.Build.0 = Release|Any CPU
		{B93D1041-4137-4F7D-ABA1-ACD4175FC07B}.Debug|Any CPU.ActiveCfg = Debug|Any CPU
		{B93D1041-4137-4F7D-ABA1-ACD4175FC07B}.Debug|Any CPU.Build.0 = Debug|Any CPU
		{B93D1041-4137-4F7D-ABA1-ACD4175FC07B}.Release|Any CPU.ActiveCfg = Release|Any CPU
		{B93D1041-4137-4F7D-ABA1-ACD4175FC07B}.Release|Any CPU.Build.0 = Release|Any CPU
		{55E4D0A7-22E5-48AF-9B5B-4DF71F3A552B}.Debug|Any CPU.ActiveCfg = Debug|Any CPU
		{55E4D0A7-22E5-48AF-9B5B-4DF71F3A552B}.Debug|Any CPU.Build.0 = Debug|Any CPU
		{55E4D0A7-22E5-48AF-9B5B-4DF71F3A552B}.Release|Any CPU.ActiveCfg = Release|Any CPU
		{55E4D0A7-22E5-48AF-9B5B-4DF71F3A552B}.Release|Any CPU.Build.0 = Release|Any CPU
	EndGlobalSection
	GlobalSection(SolutionProperties) = preSolution
		HideSolutionNode = FALSE
	EndGlobalSection
	GlobalSection(ExtensibilityGlobals) = postSolution
		SolutionGuid = {CA968D92-E8C5-4857-A28F-5C22A331BE40}
	EndGlobalSection
EndGlobal
